
Microsoft Visual Studio Solution File, Format Version 12.00
# Visual Studio Version 16
VisualStudioVersion = 16.0.29519.87
MinimumVisualStudioVersion = 10.0.40219.1
Project("{F2A71F9B-5D33-465A-A702-920D77279786}") = "AoC_2019", "AoC_2019.fsproj", "{E12E3D91-8432-4BCD-A94F-E3488A3F76C8}"
EndProject
Global
	GlobalSection(SolutionConfigurationPlatforms) = preSolution
		Debug|Any CPU = Debug|Any CPU
		Release|Any CPU = Release|Any CPU
	EndGlobalSection
	GlobalSection(ProjectConfigurationPlatforms) = postSolution
		{E12E3D91-8432-4BCD-A94F-E3488A3F76C8}.Debug|Any CPU.ActiveCfg = Debug|Any CPU
		{E12E3D91-8432-4BCD-A94F-E3488A3F76C8}.Debug|Any CPU.Build.0 = Debug|Any CPU
		{E12E3D91-8432-4BCD-A94F-E3488A3F76C8}.Release|Any CPU.ActiveCfg = Release|Any CPU
		{E12E3D91-8432-4BCD-A94F-E3488A3F76C8}.Release|Any CPU.Build.0 = Release|Any CPU
	EndGlobalSection
	GlobalSection(SolutionProperties) = preSolution
		HideSolutionNode = FALSE
	EndGlobalSection
	GlobalSection(ExtensibilityGlobals) = postSolution
		SolutionGuid = {2A5D0C54-C48A-4514-9DAA-6411FB254813}
	EndGlobalSection
EndGlobal
